
Microsoft Visual Studio Solution File, Format Version 12.00
# Visual Studio Version 17
VisualStudioVersion = 17.5.002.0
MinimumVisualStudioVersion = 10.0.40219.1
Project("{2150E333-8FDC-42A3-9474-1A3956D46DE8}") = "src", "src", "{21C32434-99EE-45A3-8E98-8BDE65561126}"
EndProject
Project("{9A19103F-16F7-4668-BE54-9A1E7A4F7556}") = "BetterPreplacedPitons", "src\BetterPreplacedPitons\BetterPreplacedPitons.csproj", "{D7935F17-B973-4958-A5DA-EB0CB527C95A}"
EndProject
Global
	GlobalSection(SolutionConfigurationPlatforms) = preSolution
		Debug|Any CPU = Debug|Any CPU
		Release|Any CPU = Release|Any CPU
	EndGlobalSection
	GlobalSection(ProjectConfigurationPlatforms) = postSolution
		{D7935F17-B973-4958-A5DA-EB0CB527C95A}.Debug|Any CPU.ActiveCfg = Debug|Any CPU
		{D7935F17-B973-4958-A5DA-EB0CB527C95A}.Debug|Any CPU.Build.0 = Debug|Any CPU
		{D7935F17-B973-4958-A5DA-EB0CB527C95A}.Release|Any CPU.ActiveCfg = Release|Any CPU
		{D7935F17-B973-4958-A5DA-EB0CB527C95A}.Release|Any CPU.Build.0 = Release|Any CPU
	EndGlobalSection
	GlobalSection(SolutionProperties) = preSolution
		HideSolutionNode = FALSE
	EndGlobalSection
	GlobalSection(NestedProjects) = preSolution
		{D7935F17-B973-4958-A5DA-EB0CB527C95A} = {21C32434-99EE-45A3-8E98-8BDE65561126}
	EndGlobalSection
	GlobalSection(ExtensibilityGlobals) = postSolution
		SolutionGuid = {92F6D475-68F0-44D6-A1AF-A28F5948E381}
	EndGlobalSection
EndGlobal
